github.com/RoaringBitmap/roaring v0.4.1 h1:w7YTE5eju3366a2KI1Trz/ADmMc2cTHhpfTLPA/XW88=
github.com/RoaringBitmap/roaring v0.4.1/go.mod h1:8khRDP4HmeXns4xIj9oGrKSz7XTQiJx2zgh7AcNke4w=
github.com/Smerity/govarint v0.0.0-20150407073650-7265e41f48f1 h1:G/NOANWMQev0CftoyxQwtRakdyNNNMB3qxkt/tj1HGs=
github.com/Smerity/govarint v0.0.0-20150407073650-7265e41f48f1/go.mod h1:o80NPAib/LOl8Eysqppjj7kkGkqz++eqzYGlvROpDcQ=
github.com/blevesearch/bleve v0.6.1-0.20180129235004-a3b125508b44 h1:q4z22wab8RPXjW3EoyBRs8gOU+i3M5G5Qp14VR0aRkU=
github.com/blevesearch/bleve v0.6.1-0.20180129235004-a3b125508b44/go.mod h1:Y2lmIkzV6mcNfAnAdOd+ZxHkHchhBfU/xroGIp61wfw=
github.com/blevesearch/go-porterstemmer v1.0.2 h1:qe7n69gBd1OLY5sHKnxQHIbzn0LNJA4hpAf+5XDxV2I=
github.com/blevesearch/go-porterstemmer v1.0.2/go.mod h1:haWQqFT3RdOGz7PJuM3or/pWNJS1pKkoZJWCkWu0DVA=
github.com/blevesearch/segment v0.8.0 h1:ZEq5qvVJ7608LEnTUHT04AaTWFTM0e39N9D6o/RGePE=
github.com/blevesearch/segment v0.8.0/go.mod h1:IInt5XRvpiGE09KOk9mmCMLjHhydIhNPKPPFLFBB7L8=
github.com/boltdb/bolt v1.3.2-0.20171120010307-9da317453632 h1:5cBPp9mZiSPzQ3mQApXoSKhE27Bbrka0g+tsxXZ09lI=
github.com/boltdb/bolt v1.3.2-0.20171120010307-9da317453632/go.mod h1:clJnj/oiGkjum5o1McbSZDSLxVThjynRyGBgiAx27Ps=
github.com/couchbase/vellum v0.0.0-20171220004538-ed84a675e24e h1:UMcgqmGEXITgiCyNSAy74DI9QEdSsG9zFFiLcoJwc5Y=
github.com/couchbase/vellum v0.0.0-20171220004538-ed84a675e24e/go.mod h1:prYTC8EgTu3gwbqJihkud9zRXISvyulAplQ6exdCo1g=
github.com/davecgh/go-spew v1.1.0 h1:ZDRjVQ15GmhC3fiQ8ni8+OwkZQO4DARzQgrnXU1Liz8=
github.com/davecgh/go-spew v1.1.0/go.mod h1:J7Y8YcW2NihsgmVo/mv3lAwl/skON4iLHjSsI+c5H38=
github.com/edsrzf/mmap-go v0.0.0-20170320065105-0bce6a688712 h1:aaQcKT9WumO6JEJcRyTqFVq4XUZiUcKR2/GI31TOcz8=
github.com/edsrzf/mmap-go v0.0.0-20170320065105-0bce6a688712/go.mod h1:YO35OhQPt3KJa3ryjFM5Bs14WD66h8eGKpfaBNrHW5M=
github.com/glycerine/go-unsnap-stream v0.0.0-20171127062821-62a9a9eb44fd h1:f+V6G35pXW+wB7wqe3dcbRTeCk1J07CcpzM80nhxbBs=
github.com/glycerine/go-unsnap-stream v0.0.0-20171127062821-62a9a9eb44fd/go.mod h1:/20jfyN9Y5QPEAprSgKAUr+glWDY39ZiUEAYOEv5dsE=
github.com/golang/protobuf v1.0.0 h1:lsek0oXi8iFE9L+EXARyHIjU5rlWIhhTkjDz3vHhWWQ=
github.com/golang/protobuf v1.0.0/go.mod h1:6lQm79b+lXiMfvg/cZm0SGofjICqVBUtrP5yJMmIC1U=
github.com/golang/snappy v0.0.0-20170215233205-553a64147049 h1:K9KHZbXKpGydfDN0aZrsoHpLJlZsBrGMFWbgLDGnPZk=
github.com/golang/snappy v0.0.0-20170215233205-553a64147049/go.mod h1:/XxbfmMg8lxefKM7IXC3fBNl/7bRcc72aCRzEWrmP2Q=
github.com/mschoch/smat v0.1.0 h1:pMzMaysjoGeir2fP1TwFhCXWeNk3PgBMHFYefCv/f6g=
github.com/mschoch/smat v0.1.0/go.mod h1:qAyveg+e4CE+eKJXWVjKXM4ck2QobLqTDytGJbLLhJg=
github.com/philhofer/fwd v1.0.0 h1:UbZqGr5Y38ApvM/V/jEljVxwocdweyH+vmYvRPBnbqQ=
github.com/philhofer/fwd v1.0.0/go.mod h1:gk3iGcWd9+svBvR0sR+KPcfE+RNWozjowpeBVG3ZVNU=
github.com/pmezard/go-difflib v1.0.0 h1:4DBwDE0NGyQoBHbLQYPwSUPoCMWR5BEzIk/f1lZbAQM=
github.com/pmezard/go-difflib v1.0.0/go.mod h1:iKH77koFhYxTK1pcRnkKkqfTogsbg7gZNVY4sRDYZ/4=
github.com/steveyen/gtreap v0.0.0-20150807155958-0abe01ef9be2 h1:JNEGSiWg6D3lcBCMCBqN3ELniXujt+0QNHLhNnO0w3s=
github.com/steveyen/gtreap v0.0.0-20150807155958-0abe01ef9be2/go.mod h1:mjqs7N0Q6m5HpR7QfXVBZXZWSqTjQLeTujjA/xUp2uw=
github.com/stretchr/testify v1.2.1 h1:52QO5WkIUcHGIR7EnGagH88x1bUzqGXTC5/1bDTUQ7U=
github.com/stretchr/testify v1.2.1/go.mod h1:a8OnRcib4nhh0OaRAV+Yts87kKdq0PP7pXfy6kDkUVs=
github.com/tinylib/msgp v1.0.3-0.20180130182406-03a79185462a h1:6+eDDp5gB5ni0rMuDJD9NpO+N9GKbyV0GhdFpEdWntg=
github.com/tinylib/msgp v1.0.3-0.20180130182406-03a79185462a/go.mod h1:+d+yLhGm8mzTaHzB+wgMYrodPfmZrzkirds8fDWklFE=
github.com/willf/bitset v1.1.4-0.20170905002639-1a37ad96e8c1 h1:6YAC9w0ne4nSsR9mdO1Ekvdhz4KfKOtao8LXdctGTgQ=
github.com/willf/bitset v1.1.4-0.20170905002639-1a37ad96e8c1/go.mod h1:RjeCKbqT1RxIR/KWY6phxZiaY1IyutSBfGjNPySAYV4=
golang.org/x/net v0.0.0-20180201030042-309822c5b9b9 h1:+Va2hqur1pIoaZgDZSzTxfatSy6IY0IOu7qmCh8b2W8=
golang.org/x/net v0.0.0-20180201030042-309822c5b9b9/go.mod h1:mL1N/T3taQHkDXs73rZJwtUhF3w3ftmwwsq0BUmARs4=
golang.org/x/sys v0.0.0-20180130064325-3dbebcf8efb6 h1:rFN2d0/puj2cognejNJ12s4PWJOoiwqDBFfmbYt5Ym8=
golang.org/x/sys v0.0.0-20180130064325-3dbebcf8efb6/go.mod h1:STP8DvDyc/dI5b8T5hshtkjS+E42TnysNCUPdjciGhY=
